
Microsoft Visual Studio Solution File, Format Version 12.00
# Visual Studio Version 16
VisualStudioVersion = 16.0.29509.3
MinimumVisualStudioVersion = 10.0.40219.1
Project("{8BC9CEB8-8B4A-11D0-8D11-00A0C91BC942}") = "m4d.01.face_punch", "m4d.01.face_punch\m4d.01.face_punch.vcxproj", "{9395723E-A84F-48B3-823F-1EF33F321DEC}"
EndProject
Project("{8BC9CEB8-8B4A-11D0-8D11-00A0C91BC942}") = "ch.07", "ch.07\ch.07.vcxproj", "{554727F3-91D0-47A2-BB0F-3541E9F75F0C}"
EndProject
Project("{8BC9CEB8-8B4A-11D0-8D11-00A0C91BC942}") = "ch.09", "ch.09.ecs\ch.09.vcxproj", "{D28E4F00-9C7F-4ACD-8226-AA0D8B4891DB}"
EndProject
Project("{8BC9CEB8-8B4A-11D0-8D11-00A0C91BC942}") = "entityx", "external\entityx\vs2019\entityx.vcxproj", "{5DD7781E-27BF-38AC-AD5F-BE32AEDAC62D}"
EndProject
Project("{8BC9CEB8-8B4A-11D0-8D11-00A0C91BC942}") = "ch.09.entityx", "ch.09.entityx\ch.09.entityx.vcxproj", "{EC0E032A-78D0-4D3B-9113-2CDE7BE73703}"
EndProject
Project("{8BC9CEB8-8B4A-11D0-8D11-00A0C91BC942}") = "m4d.01.engine", "m4d.01.engine\m4d.01.engine.vcxproj", "{B4D447D3-0055-4D91-85B6-22B495B30EB4}"
EndProject
Project("{8BC9CEB8-8B4A-11D0-8D11-00A0C91BC942}") = "ch.09.with_engine", "ch.09.with_engine\ch.09.with_engine.vcxproj", "{17681BBB-2289-4FE1-8D7C-2E03A1A3B2F7}"
EndProject
Global
	GlobalSection(SolutionConfigurationPlatforms) = preSolution
		Debug|x64 = Debug|x64
		Debug|x86 = Debug|x86
		MinSizeRel|x64 = MinSizeRel|x64
		MinSizeRel|x86 = MinSizeRel|x86
		Release|x64 = Release|x64
		Release|x86 = Release|x86
		RelWithDebInfo|x64 = RelWithDebInfo|x64
		RelWithDebInfo|x86 = RelWithDebInfo|x86
	EndGlobalSection
	GlobalSection(ProjectConfigurationPlatforms) = postSolution
		{9395723E-A84F-48B3-823F-1EF33F321DEC}.Debug|x64.ActiveCfg = Debug|x64
		{9395723E-A84F-48B3-823F-1EF33F321DEC}.Debug|x64.Build.0 = Debug|x64
		{9395723E-A84F-48B3-823F-1EF33F321DEC}.Debug|x86.ActiveCfg = Debug|x64
		{9395723E-A84F-48B3-823F-1EF33F321DEC}.MinSizeRel|x64.ActiveCfg = Release|x64
		{9395723E-A84F-48B3-823F-1EF33F321DEC}.MinSizeRel|x64.Build.0 = Release|x64
		{9395723E-A84F-48B3-823F-1EF33F321DEC}.MinSizeRel|x86.ActiveCfg = Release|x64
		{9395723E-A84F-48B3-823F-1EF33F321DEC}.MinSizeRel|x86.Build.0 = Release|x64
		{9395723E-A84F-48B3-823F-1EF33F321DEC}.Release|x64.ActiveCfg = Release|x64
		{9395723E-A84F-48B3-823F-1EF33F321DEC}.Release|x64.Build.0 = Release|x64
		{9395723E-A84F-48B3-823F-1EF33F321DEC}.Release|x86.ActiveCfg = Release|x64
		{9395723E-A84F-48B3-823F-1EF33F321DEC}.RelWithDebInfo|x64.ActiveCfg = Release|x64
		{9395723E-A84F-48B3-823F-1EF33F321DEC}.RelWithDebInfo|x64.Build.0 = Release|x64
		{9395723E-A84F-48B3-823F-1EF33F321DEC}.RelWithDebInfo|x86.ActiveCfg = Release|x64
		{9395723E-A84F-48B3-823F-1EF33F321DEC}.RelWithDebInfo|x86.Build.0 = Release|x64
		{554727F3-91D0-47A2-BB0F-3541E9F75F0C}.Debug|x64.ActiveCfg = Debug|x64
		{554727F3-91D0-47A2-BB0F-3541E9F75F0C}.Debug|x64.Build.0 = Debug|x64
		{554727F3-91D0-47A2-BB0F-3541E9F75F0C}.Debug|x86.ActiveCfg = Debug|x64
		{554727F3-91D0-47A2-BB0F-3541E9F75F0C}.MinSizeRel|x64.ActiveCfg = Release|x64
		{554727F3-91D0-47A2-BB0F-3541E9F75F0C}.MinSizeRel|x64.Build.0 = Release|x64
		{554727F3-91D0-47A2-BB0F-3541E9F75F0C}.MinSizeRel|x86.ActiveCfg = Release|x64
		{554727F3-91D0-47A2-BB0F-3541E9F75F0C}.MinSizeRel|x86.Build.0 = Release|x64
		{554727F3-91D0-47A2-BB0F-3541E9F75F0C}.Release|x64.ActiveCfg = Release|x64
		{554727F3-91D0-47A2-BB0F-3541E9F75F0C}.Release|x64.Build.0 = Release|x64
		{554727F3-91D0-47A2-BB0F-3541E9F75F0C}.Release|x86.ActiveCfg = Release|x64
		{554727F3-91D0-47A2-BB0F-3541E9F75F0C}.RelWithDebInfo|x64.ActiveCfg = Release|x64
		{554727F3-91D0-47A2-BB0F-3541E9F75F0C}.RelWithDebInfo|x64.Build.0 = Release|x64
		{554727F3-91D0-47A2-BB0F-3541E9F75F0C}.RelWithDebInfo|x86.ActiveCfg = Release|x64
		{554727F3-91D0-47A2-BB0F-3541E9F75F0C}.RelWithDebInfo|x86.Build.0 = Release|x64
		{D28E4F00-9C7F-4ACD-8226-AA0D8B4891DB}.Debug|x64.ActiveCfg = Debug|x64
		{D28E4F00-9C7F-4ACD-8226-AA0D8B4891DB}.Debug|x64.Build.0 = Debug|x64
		{D28E4F00-9C7F-4ACD-8226-AA0D8B4891DB}.Debug|x86.ActiveCfg = Debug|x64
		{D28E4F00-9C7F-4ACD-8226-AA0D8B4891DB}.MinSizeRel|x64.ActiveCfg = Release|x64
		{D28E4F00-9C7F-4ACD-8226-AA0D8B4891DB}.MinSizeRel|x64.Build.0 = Release|x64
		{D28E4F00-9C7F-4ACD-8226-AA0D8B4891DB}.MinSizeRel|x86.ActiveCfg = Release|x64
		{D28E4F00-9C7F-4ACD-8226-AA0D8B4891DB}.MinSizeRel|x86.Build.0 = Release|x64
		{D28E4F00-9C7F-4ACD-8226-AA0D8B4891DB}.Release|x64.ActiveCfg = Release|x64
		{D28E4F00-9C7F-4ACD-8226-AA0D8B4891DB}.Release|x64.Build.0 = Release|x64
		{D28E4F00-9C7F-4ACD-8226-AA0D8B4891DB}.Release|x86.ActiveCfg = Release|x64
		{D28E4F00-9C7F-4ACD-8226-AA0D8B4891DB}.RelWithDebInfo|x64.ActiveCfg = Release|x64
		{D28E4F00-9C7F-4ACD-8226-AA0D8B4891DB}.RelWithDebInfo|x64.Build.0 = Release|x64
		{D28E4F00-9C7F-4ACD-8226-AA0D8B4891DB}.RelWithDebInfo|x86.ActiveCfg = Release|x64
		{D28E4F00-9C7F-4ACD-8226-AA0D8B4891DB}.RelWithDebInfo|x86.Build.0 = Release|x64
		{5DD7781E-27BF-38AC-AD5F-BE32AEDAC62D}.Debug|x64.ActiveCfg = Debug|x64
		{5DD7781E-27BF-38AC-AD5F-BE32AEDAC62D}.Debug|x64.Build.0 = Debug|x64
		{5DD7781E-27BF-38AC-AD5F-BE32AEDAC62D}.Debug|x86.ActiveCfg = Debug|x64
		{5DD7781E-27BF-38AC-AD5F-BE32AEDAC62D}.MinSizeRel|x64.ActiveCfg = MinSizeRel|x64
		{5DD7781E-27BF-38AC-AD5F-BE32AEDAC62D}.MinSizeRel|x64.Build.0 = MinSizeRel|x64
		{5DD7781E-27BF-38AC-AD5F-BE32AEDAC62D}.MinSizeRel|x86.ActiveCfg = MinSizeRel|x64
		{5DD7781E-27BF-38AC-AD5F-BE32AEDAC62D}.Release|x64.ActiveCfg = Release|x64
		{5DD7781E-27BF-38AC-AD5F-BE32AEDAC62D}.Release|x64.Build.0 = Release|x64
		{5DD7781E-27BF-38AC-AD5F-BE32AEDAC62D}.Release|x86.ActiveCfg = Release|x64
		{5DD7781E-27BF-38AC-AD5F-BE32AEDAC62D}.RelWithDebInfo|x64.ActiveCfg = RelWithDebInfo|x64
		{5DD7781E-27BF-38AC-AD5F-BE32AEDAC62D}.RelWithDebInfo|x64.Build.0 = RelWithDebInfo|x64
		{5DD7781E-27BF-38AC-AD5F-BE32AEDAC62D}.RelWithDebInfo|x86.ActiveCfg = RelWithDebInfo|x64
		{EC0E032A-78D0-4D3B-9113-2CDE7BE73703}.Debug|x64.ActiveCfg = Debug|x64
		{EC0E032A-78D0-4D3B-9113-2CDE7BE73703}.Debug|x64.Build.0 = Debug|x64
		{EC0E032A-78D0-4D3B-9113-2CDE7BE73703}.Debug|x86.ActiveCfg = Debug|x64
		{EC0E032A-78D0-4D3B-9113-2CDE7BE73703}.MinSizeRel|x64.ActiveCfg = Release|x64
		{EC0E032A-78D0-4D3B-9113-2CDE7BE73703}.MinSizeRel|x64.Build.0 = Release|x64
		{EC0E032A-78D0-4D3B-9113-2CDE7BE73703}.MinSizeRel|x86.ActiveCfg = Release|x64
		{EC0E032A-78D0-4D3B-9113-2CDE7BE73703}.MinSizeRel|x86.Build.0 = Release|x64
		{EC0E032A-78D0-4D3B-9113-2CDE7BE73703}.Release|x64.ActiveCfg = Release|x64
		{EC0E032A-78D0-4D3B-9113-2CDE7BE73703}.Release|x64.Build.0 = Release|x64
		{EC0E032A-78D0-4D3B-9113-2CDE7BE73703}.Release|x86.ActiveCfg = Release|x64
		{EC0E032A-78D0-4D3B-9113-2CDE7BE73703}.RelWithDebInfo|x64.ActiveCfg = Release|x64
		{EC0E032A-78D0-4D3B-9113-2CDE7BE73703}.RelWithDebInfo|x64.Build.0 = Release|x64
		{EC0E032A-78D0-4D3B-9113-2CDE7BE73703}.RelWithDebInfo|x86.ActiveCfg = Release|x64
		{EC0E032A-78D0-4D3B-9113-2CDE7BE73703}.RelWithDebInfo|x86.Build.0 = Release|x64
		{B4D447D3-0055-4D91-85B6-22B495B30EB4}.Debug|x64.ActiveCfg = Debug|x64
		{B4D447D3-0055-4D91-85B6-22B495B30EB4}.Debug|x64.Build.0 = Debug|x64
		{B4D447D3-0055-4D91-85B6-22B495B30EB4}.Debug|x86.ActiveCfg = Debug|Win32
		{B4D447D3-0055-4D91-85B6-22B495B30EB4}.Debug|x86.Build.0 = Debug|Win32
		{B4D447D3-0055-4D91-85B6-22B495B30EB4}.MinSizeRel|x64.ActiveCfg = Release|x64
		{B4D447D3-0055-4D91-85B6-22B495B30EB4}.MinSizeRel|x64.Build.0 = Release|x64
		{B4D447D3-0055-4D91-85B6-22B495B30EB4}.MinSizeRel|x86.ActiveCfg = Release|Win32
		{B4D447D3-0055-4D91-85B6-22B495B30EB4}.MinSizeRel|x86.Build.0 = Release|Win32
		{B4D447D3-0055-4D91-85B6-22B495B30EB4}.Release|x64.ActiveCfg = Release|x64
		{B4D447D3-0055-4D91-85B6-22B495B30EB4}.Release|x64.Build.0 = Release|x64
		{B4D447D3-0055-4D91-85B6-22B495B30EB4}.Release|x86.ActiveCfg = Release|Win32
		{B4D447D3-0055-4D91-85B6-22B495B30EB4}.Release|x86.Build.0 = Release|Win32
		{B4D447D3-0055-4D91-85B6-22B495B30EB4}.RelWithDebInfo|x64.ActiveCfg = Release|x64
		{B4D447D3-0055-4D91-85B6-22B495B30EB4}.RelWithDebInfo|x64.Build.0 = Release|x64
		{B4D447D3-0055-4D91-85B6-22B495B30EB4}.RelWithDebInfo|x86.ActiveCfg = Release|Win32
		{B4D447D3-0055-4D91-85B6-22B495B30EB4}.RelWithDebInfo|x86.Build.0 = Release|Win32
		{17681BBB-2289-4FE1-8D7C-2E03A1A3B2F7}.Debug|x64.ActiveCfg = Debug|x64
		{17681BBB-2289-4FE1-8D7C-2E03A1A3B2F7}.Debug|x64.Build.0 = Debug|x64
		{17681BBB-2289-4FE1-8D7C-2E03A1A3B2F7}.Debug|x86.ActiveCfg = Debug|x64
		{17681BBB-2289-4FE1-8D7C-2E03A1A3B2F7}.MinSizeRel|x64.ActiveCfg = Release|x64
		{17681BBB-2289-4FE1-8D7C-2E03A1A3B2F7}.MinSizeRel|x64.Build.0 = Release|x64
		{17681BBB-2289-4FE1-8D7C-2E03A1A3B2F7}.MinSizeRel|x86.ActiveCfg = Release|x64
		{17681BBB-2289-4FE1-8D7C-2E03A1A3B2F7}.MinSizeRel|x86.Build.0 = Release|x64
		{17681BBB-2289-4FE1-8D7C-2E03A1A3B2F7}.Release|x64.ActiveCfg = Release|x64
		{17681BBB-2289-4FE1-8D7C-2E03A1A3B2F7}.Release|x64.Build.0 = Release|x64
		{17681BBB-2289-4FE1-8D7C-2E03A1A3B2F7}.Release|x86.ActiveCfg = Release|x64
		{17681BBB-2289-4FE1-8D7C-2E03A1A3B2F7}.RelWithDebInfo|x64.ActiveCfg = Release|x64
		{17681BBB-2289-4FE1-8D7C-2E03A1A3B2F7}.RelWithDebInfo|x64.Build.0 = Release|x64
		{17681BBB-2289-4FE1-8D7C-2E03A1A3B2F7}.RelWithDebInfo|x86.ActiveCfg = Release|x64
		{17681BBB-2289-4FE1-8D7C-2E03A1A3B2F7}.RelWithDebInfo|x86.Build.0 = Release|x64
	EndGlobalSection
	GlobalSection(SolutionProperties) = preSolution
		HideSolutionNode = FALSE
	EndGlobalSection
	GlobalSection(ExtensibilityGlobals) = postSolution
		SolutionGuid = {730816D6-51B7-4941-B35B-0391D8D9592C}
	EndGlobalSection
EndGlobal
