<?xml version="1.0" encoding="utf-8"?>
<Project ToolsVersion="4.0" xmlns="http://schemas.microsoft.com/developer/msbuild/2003">
  <ItemGroup>
    <Filter Include="Resource Files">
      <UniqueIdentifier>{67DA6AB6-F800-4c08-8B7A-83BB121AAD01}</UniqueIdentifier>
      <Extensions>rc;ico;cur;bmp;dlg;rc2;rct;bin;rgs;gif;jpg;jpeg;jpe;resx;tiff;tif;png;wav;mfcribbon-ms</Extensions>
    </Filter>
    <Filter Include="Contents">
      <UniqueIdentifier>{48889eb3-67b2-4c7f-b7cd-c76332593745}</UniqueIdentifier>
    </Filter>
    <Filter Include="Contents\Components">
      <UniqueIdentifier>{291ccd05-6fcc-40e0-91ca-87421a039f53}</UniqueIdentifier>
    </Filter>
    <Filter Include="Contents\Systems">
      <UniqueIdentifier>{3f042c58-24c7-4ef1-b20e-07a6e25ca23d}</UniqueIdentifier>
    </Filter>
  </ItemGroup>
  <ItemGroup>
    <ClInclude Include="C_Collidable.h">
      <Filter>Contents\Components</Filter>
    </ClInclude>
    <ClInclude Include="C_Controller.h">
      <Filter>Contents\Components</Filter>
    </ClInclude>
    <ClInclude Include="C_Drawable.h">
      <Filter>Contents\Components</Filter>
    </ClInclude>
    <ClInclude Include="C_Movable.h">
      <Filter>Contents\Components</Filter>
    </ClInclude>
    <ClInclude Include="C_Position.h">
      <Filter>Contents\Components</Filter>
    </ClInclude>
    <ClInclude Include="C_SpriteSheet.h">
      <Filter>Contents\Components</Filter>
    </ClInclude>
    <ClInclude Include="C_State.h">
      <Filter>Contents\Components</Filter>
    </ClInclude>
    <ClInclude Include="S_Collision.h">
      <Filter>Contents\Systems</Filter>
    </ClInclude>
    <ClInclude Include="S_Control.h">
      <Filter>Contents\Systems</Filter>
    </ClInclude>
    <ClInclude Include="S_Movement.h">
      <Filter>Contents\Systems</Filter>
    </ClInclude>
    <ClInclude Include="S_Renderer.h">
      <Filter>Contents\Systems</Filter>
    </ClInclude>
    <ClInclude Include="S_SheetAnimation.h">
      <Filter>Contents\Systems</Filter>
    </ClInclude>
    <ClInclude Include="S_State.h">
      <Filter>Contents\Systems</Filter>
    </ClInclude>
    <ClInclude Include="State_Game.h">
      <Filter>Contents</Filter>
    </ClInclude>
    <ClInclude Include="State_GameOver.h">
      <Filter>Contents</Filter>
    </ClInclude>
    <ClInclude Include="State_Intro.h">
      <Filter>Contents</Filter>
    </ClInclude>
    <ClInclude Include="State_MainMenu.h">
      <Filter>Contents</Filter>
    </ClInclude>
    <ClInclude Include="State_Paused.h">
      <Filter>Contents</Filter>
    </ClInclude>
    <ClInclude Include="ECS_Types.h">
      <Filter>Contents</Filter>
    </ClInclude>
    <ClInclude Include="EntityEvents.h">
      <Filter>Contents</Filter>
    </ClInclude>
    <ClInclude Include="EntityMessages.h">
      <Filter>Contents</Filter>
    </ClInclude>
    <ClInclude Include="Message.h">
      <Filter>Contents</Filter>
    </ClInclude>
    <ClInclude Include="Map.h" />
    <ClInclude Include="Game.h" />
  </ItemGroup>
  <ItemGroup>
    <ClCompile Include="S_Collision.cpp">
      <Filter>Contents\Systems</Filter>
    </ClCompile>
    <ClCompile Include="S_Control.cpp">
      <Filter>Contents\Systems</Filter>
    </ClCompile>
    <ClCompile Include="S_Movement.cpp">
      <Filter>Contents\Systems</Filter>
    </ClCompile>
    <ClCompile Include="S_Renderer.cpp">
      <Filter>Contents\Systems</Filter>
    </ClCompile>
    <ClCompile Include="S_SheetAnimation.cpp">
      <Filter>Contents\Systems</Filter>
    </ClCompile>
    <ClCompile Include="S_State.cpp">
      <Filter>Contents\Systems</Filter>
    </ClCompile>
    <ClCompile Include="Main.cpp" />
    <ClCompile Include="State_Game.cpp">
      <Filter>Contents</Filter>
    </ClCompile>
    <ClCompile Include="State_GameOver.cpp">
      <Filter>Contents</Filter>
    </ClCompile>
    <ClCompile Include="State_Intro.cpp">
      <Filter>Contents</Filter>
    </ClCompile>
    <ClCompile Include="State_MainMenu.cpp">
      <Filter>Contents</Filter>
    </ClCompile>
    <ClCompile Include="State_Paused.cpp">
      <Filter>Contents</Filter>
    </ClCompile>
    <ClCompile Include="Map.cpp" />
    <ClCompile Include="Game.cpp" />
  </ItemGroup>
</Project>